
Microsoft Visual Studio Solution File, Format Version 12.00
# Visual Studio 15
VisualStudioVersion = 15.0.27428.2011
MinimumVisualStudioVersion = 10.0.40219.1
Project("{FAE04EC0-301F-11D3-BF4B-00C04F79EFBC}") = "XamarinForms.Android", "XamarinForms\XamarinForms.Android\XamarinForms.Android.csproj", "{BB30D2D8-F9AF-47FE-B926-E566C1C3891D}"
EndProject
Project("{FAE04EC0-301F-11D3-BF4B-00C04F79EFBC}") = "XamarinForms.iOS", "XamarinForms\XamarinForms.iOS\XamarinForms.iOS.csproj", "{9539323B-43DF-4A00-9830-9A46B996779B}"
EndProject
Project("{FAE04EC0-301F-11D3-BF4B-00C04F79EFBC}") = "XamarinForms.UWP", "XamarinForms\XamarinForms.UWP\XamarinForms.UWP.csproj", "{B3BF3FDA-CCF7-4DB5-A70D-3B1AF1FD7EC4}"
EndProject
Project("{D954291E-2A0B-460D-934E-DC6B0785DB48}") = "XamarinForms", "XamarinForms\XamarinForms\XamarinForms.shproj", "{199BCFEF-1671-463D-B1F8-589F070FC643}"
EndProject
Global
	GlobalSection(SharedMSBuildProjectFiles) = preSolution
		XamarinForms\XamarinForms\XamarinForms.projitems*{199bcfef-1671-463d-b1f8-589f070fc643}*SharedItemsImports = 13
		XamarinForms\XamarinForms\XamarinForms.projitems*{9539323b-43df-4a00-9830-9a46b996779b}*SharedItemsImports = 4
		XamarinForms\XamarinForms\XamarinForms.projitems*{b3bf3fda-ccf7-4db5-a70d-3b1af1fd7ec4}*SharedItemsImports = 4
		XamarinForms\XamarinForms\XamarinForms.projitems*{bb30d2d8-f9af-47fe-b926-e566c1c3891d}*SharedItemsImports = 4
	EndGlobalSection
	GlobalSection(SolutionConfigurationPlatforms) = preSolution
		Ad-Hoc|Any CPU = Ad-Hoc|Any CPU
		Ad-Hoc|ARM = Ad-Hoc|ARM
		Ad-Hoc|iPhone = Ad-Hoc|iPhone
		Ad-Hoc|iPhoneSimulator = Ad-Hoc|iPhoneSimulator
		Ad-Hoc|x64 = Ad-Hoc|x64
		Ad-Hoc|x86 = Ad-Hoc|x86
		AppStore|Any CPU = AppStore|Any CPU
		AppStore|ARM = AppStore|ARM
		AppStore|iPhone = AppStore|iPhone
		AppStore|iPhoneSimulator = AppStore|iPhoneSimulator
		AppStore|x64 = AppStore|x64
		AppStore|x86 = AppStore|x86
		Debug|Any CPU = Debug|Any CPU
		Debug|ARM = Debug|ARM
		Debug|iPhone = Debug|iPhone
		Debug|iPhoneSimulator = Debug|iPhoneSimulator
		Debug|x64 = Debug|x64
		Debug|x86 = Debug|x86
		Release|Any CPU = Release|Any CPU
		Release|ARM = Release|ARM
		Release|iPhone = Release|iPhone
		Release|iPhoneSimulator = Release|iPhoneSimulator
		Release|x64 = Release|x64
		Release|x86 = Release|x86
	EndGlobalSection
	GlobalSection(ProjectConfigurationPlatforms) = postSolution
		{BB30D2D8-F9AF-47FE-B926-E566C1C3891D}.Ad-Hoc|Any CPU.ActiveCfg = Release|Any CPU
		{BB30D2D8-F9AF-47FE-B926-E566C1C3891D}.Ad-Hoc|Any CPU.Build.0 = Release|Any CPU
		{BB30D2D8-F9AF-47FE-B926-E566C1C3891D}.Ad-Hoc|Any CPU.Deploy.0 = Release|Any CPU
		{BB30D2D8-F9AF-47FE-B926-E566C1C3891D}.Ad-Hoc|ARM.ActiveCfg = Release|Any CPU
		{BB30D2D8-F9AF-47FE-B926-E566C1C3891D}.Ad-Hoc|ARM.Build.0 = Release|Any CPU
		{BB30D2D8-F9AF-47FE-B926-E566C1C3891D}.Ad-Hoc|ARM.Deploy.0 = Release|Any CPU
		{BB30D2D8-F9AF-47FE-B926-E566C1C3891D}.Ad-Hoc|iPhone.ActiveCfg = Release|Any CPU
		{BB30D2D8-F9AF-47FE-B926-E566C1C3891D}.Ad-Hoc|iPhone.Build.0 = Release|Any CPU
		{BB30D2D8-F9AF-47FE-B926-E566C1C3891D}.Ad-Hoc|iPhone.Deploy.0 = Release|Any CPU
		{BB30D2D8-F9AF-47FE-B926-E566C1C3891D}.Ad-Hoc|iPhoneSimulator.ActiveCfg = Release|Any CPU
		{BB30D2D8-F9AF-47FE-B926-E566C1C3891D}.Ad-Hoc|iPhoneSimulator.Build.0 = Release|Any CPU
		{BB30D2D8-F9AF-47FE-B926-E566C1C3891D}.Ad-Hoc|iPhoneSimulator.Deploy.0 = Release|Any CPU
		{BB30D2D8-F9AF-47FE-B926-E566C1C3891D}.Ad-Hoc|x64.ActiveCfg = Release|Any CPU
		{BB30D2D8-F9AF-47FE-B926-E566C1C3891D}.Ad-Hoc|x64.Build.0 = Release|Any CPU
		{BB30D2D8-F9AF-47FE-B926-E566C1C3891D}.Ad-Hoc|x64.Deploy.0 = Release|Any CPU
		{BB30D2D8-F9AF-47FE-B926-E566C1C3891D}.Ad-Hoc|x86.ActiveCfg = Release|Any CPU
		{BB30D2D8-F9AF-47FE-B926-E566C1C3891D}.Ad-Hoc|x86.Build.0 = Release|Any CPU
		{BB30D2D8-F9AF-47FE-B926-E566C1C3891D}.Ad-Hoc|x86.Deploy.0 = Release|Any CPU
		{BB30D2D8-F9AF-47FE-B926-E566C1C3891D}.AppStore|Any CPU.ActiveCfg = Release|Any CPU
		{BB30D2D8-F9AF-47FE-B926-E566C1C3891D}.AppStore|Any CPU.Build.0 = Release|Any CPU
		{BB30D2D8-F9AF-47FE-B926-E566C1C3891D}.AppStore|Any CPU.Deploy.0 = Release|Any CPU
		{BB30D2D8-F9AF-47FE-B926-E566C1C3891D}.AppStore|ARM.ActiveCfg = Release|Any CPU
		{BB30D2D8-F9AF-47FE-B926-E566C1C3891D}.AppStore|ARM.Build.0 = Release|Any CPU
		{BB30D2D8-F9AF-47FE-B926-E566C1C3891D}.AppStore|ARM.Deploy.0 = Release|Any CPU
		{BB30D2D8-F9AF-47FE-B926-E566C1C3891D}.AppStore|iPhone.ActiveCfg = Release|Any CPU
		{BB30D2D8-F9AF-47FE-B926-E566C1C3891D}.AppStore|iPhone.Build.0 = Release|Any CPU
		{BB30D2D8-F9AF-47FE-B926-E566C1C3891D}.AppStore|iPhone.Deploy.0 = Release|Any CPU
		{BB30D2D8-F9AF-47FE-B926-E566C1C3891D}.AppStore|iPhoneSimulator.ActiveCfg = Release|Any CPU
		{BB30D2D8-F9AF-47FE-B926-E566C1C3891D}.AppStore|iPhoneSimulator.Build.0 = Release|Any CPU
		{BB30D2D8-F9AF-47FE-B926-E566C1C3891D}.AppStore|iPhoneSimulator.Deploy.0 = Release|Any CPU
		{BB30D2D8-F9AF-47FE-B926-E566C1C3891D}.AppStore|x64.ActiveCfg = Release|Any CPU
		{BB30D2D8-F9AF-47FE-B926-E566C1C3891D}.AppStore|x64.Build.0 = Release|Any CPU
		{BB30D2D8-F9AF-47FE-B926-E566C1C3891D}.AppStore|x64.Deploy.0 = Release|Any CPU
		{BB30D2D8-F9AF-47FE-B926-E566C1C3891D}.AppStore|x86.ActiveCfg = Release|Any CPU
		{BB30D2D8-F9AF-47FE-B926-E566C1C3891D}.AppStore|x86.Build.0 = Release|Any CPU
		{BB30D2D8-F9AF-47FE-B926-E566C1C3891D}.AppStore|x86.Deploy.0 = Release|Any CPU
		{BB30D2D8-F9AF-47FE-B926-E566C1C3891D}.Debug|Any CPU.ActiveCfg = Debug|Any CPU
		{BB30D2D8-F9AF-47FE-B926-E566C1C3891D}.Debug|Any CPU.Build.0 = Debug|Any CPU
		{BB30D2D8-F9AF-47FE-B926-E566C1C3891D}.Debug|Any CPU.Deploy.0 = Debug|Any CPU
		{BB30D2D8-F9AF-47FE-B926-E566C1C3891D}.Debug|ARM.ActiveCfg = Debug|Any CPU
		{BB30D2D8-F9AF-47FE-B926-E566C1C3891D}.Debug|ARM.Build.0 = Debug|Any CPU
		{BB30D2D8-F9AF-47FE-B926-E566C1C3891D}.Debug|ARM.Deploy.0 = Debug|Any CPU
		{BB30D2D8-F9AF-47FE-B926-E566C1C3891D}.Debug|iPhone.ActiveCfg = Debug|Any CPU
		{BB30D2D8-F9AF-47FE-B926-E566C1C3891D}.Debug|iPhone.Build.0 = Debug|Any CPU
		{BB30D2D8-F9AF-47FE-B926-E566C1C3891D}.Debug|iPhone.Deploy.0 = Debug|Any CPU
		{BB30D2D8-F9AF-47FE-B926-E566C1C3891D}.Debug|iPhoneSimulator.ActiveCfg = Debug|Any CPU
		{BB30D2D8-F9AF-47FE-B926-E566C1C3891D}.Debug|iPhoneSimulator.Build.0 = Debug|Any CPU
		{BB30D2D8-F9AF-47FE-B926-E566C1C3891D}.Debug|iPhoneSimulator.Deploy.0 = Debug|Any CPU
		{BB30D2D8-F9AF-47FE-B926-E566C1C3891D}.Debug|x64.ActiveCfg = Debug|Any CPU
		{BB30D2D8-F9AF-47FE-B926-E566C1C3891D}.Debug|x64.Build.0 = Debug|Any CPU
		{BB30D2D8-F9AF-47FE-B926-E566C1C3891D}.Debug|x64.Deploy.0 = Debug|Any CPU
		{BB30D2D8-F9AF-47FE-B926-E566C1C3891D}.Debug|x86.ActiveCfg = Debug|Any CPU
		{BB30D2D8-F9AF-47FE-B926-E566C1C3891D}.Debug|x86.Build.0 = Debug|Any CPU
		{BB30D2D8-F9AF-47FE-B926-E566C1C3891D}.Debug|x86.Deploy.0 = Debug|Any CPU
		{BB30D2D8-F9AF-47FE-B926-E566C1C3891D}.Release|Any CPU.ActiveCfg = Release|Any CPU
		{BB30D2D8-F9AF-47FE-B926-E566C1C3891D}.Release|Any CPU.Build.0 = Release|Any CPU
		{BB30D2D8-F9AF-47FE-B926-E566C1C3891D}.Release|Any CPU.Deploy.0 = Release|Any CPU
		{BB30D2D8-F9AF-47FE-B926-E566C1C3891D}.Release|ARM.ActiveCfg = Release|Any CPU
		{BB30D2D8-F9AF-47FE-B926-E566C1C3891D}.Release|ARM.Build.0 = Release|Any CPU
		{BB30D2D8-F9AF-47FE-B926-E566C1C3891D}.Release|ARM.Deploy.0 = Release|Any CPU
		{BB30D2D8-F9AF-47FE-B926-E566C1C3891D}.Release|iPhone.ActiveCfg = Release|Any CPU
		{BB30D2D8-F9AF-47FE-B926-E566C1C3891D}.Release|iPhone.Build.0 = Release|Any CPU
		{BB30D2D8-F9AF-47FE-B926-E566C1C3891D}.Release|iPhone.Deploy.0 = Release|Any CPU
		{BB30D2D8-F9AF-47FE-B926-E566C1C3891D}.Release|iPhoneSimulator.ActiveCfg = Release|Any CPU
		{BB30D2D8-F9AF-47FE-B926-E566C1C3891D}.Release|iPhoneSimulator.Build.0 = Release|Any CPU
		{BB30D2D8-F9AF-47FE-B926-E566C1C3891D}.Release|iPhoneSimulator.Deploy.0 = Release|Any CPU
		{BB30D2D8-F9AF-47FE-B926-E566C1C3891D}.Release|x64.ActiveCfg = Release|Any CPU
		{BB30D2D8-F9AF-47FE-B926-E566C1C3891D}.Release|x64.Build.0 = Release|Any CPU
		{BB30D2D8-F9AF-47FE-B926-E566C1C3891D}.Release|x64.Deploy.0 = Release|Any CPU
		{BB30D2D8-F9AF-47FE-B926-E566C1C3891D}.Release|x86.ActiveCfg = Release|Any CPU
		{BB30D2D8-F9AF-47FE-B926-E566C1C3891D}.Release|x86.Build.0 = Release|Any CPU
		{BB30D2D8-F9AF-47FE-B926-E566C1C3891D}.Release|x86.Deploy.0 = Release|Any CPU
		{9539323B-43DF-4A00-9830-9A46B996779B}.Ad-Hoc|Any CPU.ActiveCfg = Ad-Hoc|iPhone
		{9539323B-43DF-4A00-9830-9A46B996779B}.Ad-Hoc|ARM.ActiveCfg = Ad-Hoc|iPhone
		{9539323B-43DF-4A00-9830-9A46B996779B}.Ad-Hoc|iPhone.ActiveCfg = Ad-Hoc|iPhone
		{9539323B-43DF-4A00-9830-9A46B996779B}.Ad-Hoc|iPhone.Build.0 = Ad-Hoc|iPhone
		{9539323B-43DF-4A00-9830-9A46B996779B}.Ad-Hoc|iPhoneSimulator.ActiveCfg = Ad-Hoc|iPhoneSimulator
		{9539323B-43DF-4A00-9830-9A46B996779B}.Ad-Hoc|iPhoneSimulator.Build.0 = Ad-Hoc|iPhoneSimulator
		{9539323B-43DF-4A00-9830-9A46B996779B}.Ad-Hoc|x64.ActiveCfg = Ad-Hoc|iPhone
		{9539323B-43DF-4A00-9830-9A46B996779B}.Ad-Hoc|x86.ActiveCfg = Ad-Hoc|iPhone
		{9539323B-43DF-4A00-9830-9A46B996779B}.AppStore|Any CPU.ActiveCfg = AppStore|iPhone
		{9539323B-43DF-4A00-9830-9A46B996779B}.AppStore|ARM.ActiveCfg = AppStore|iPhone
		{9539323B-43DF-4A00-9830-9A46B996779B}.AppStore|iPhone.ActiveCfg = AppStore|iPhone
		{9539323B-43DF-4A00-9830-9A46B996779B}.AppStore|iPhone.Build.0 = AppStore|iPhone
		{9539323B-43DF-4A00-9830-9A46B996779B}.AppStore|iPhoneSimulator.ActiveCfg = AppStore|iPhoneSimulator
		{9539323B-43DF-4A00-9830-9A46B996779B}.AppStore|iPhoneSimulator.Build.0 = AppStore|iPhoneSimulator
		{9539323B-43DF-4A00-9830-9A46B996779B}.AppStore|x64.ActiveCfg = AppStore|iPhone
		{9539323B-43DF-4A00-9830-9A46B996779B}.AppStore|x86.ActiveCfg = AppStore|iPhone
		{9539323B-43DF-4A00-9830-9A46B996779B}.Debug|Any CPU.ActiveCfg = Debug|iPhone
		{9539323B-43DF-4A00-9830-9A46B996779B}.Debug|ARM.ActiveCfg = Debug|iPhone
		{9539323B-43DF-4A00-9830-9A46B996779B}.Debug|iPhone.ActiveCfg = Debug|iPhone
		{9539323B-43DF-4A00-9830-9A46B996779B}.Debug|iPhone.Build.0 = Debug|iPhone
		{9539323B-43DF-4A00-9830-9A46B996779B}.Debug|iPhoneSimulator.ActiveCfg = Debug|iPhoneSimulator
		{9539323B-43DF-4A00-9830-9A46B996779B}.Debug|iPhoneSimulator.Build.0 = Debug|iPhoneSimulator
		{9539323B-43DF-4A00-9830-9A46B996779B}.Debug|x64.ActiveCfg = Debug|iPhone
		{9539323B-43DF-4A00-9830-9A46B996779B}.Debug|x86.ActiveCfg = Debug|iPhone
		{9539323B-43DF-4A00-9830-9A46B996779B}.Release|Any CPU.ActiveCfg = Release|iPhone
		{9539323B-43DF-4A00-9830-9A46B996779B}.Release|ARM.ActiveCfg = Release|iPhone
		{9539323B-43DF-4A00-9830-9A46B996779B}.Release|iPhone.ActiveCfg = Release|iPhone
		{9539323B-43DF-4A00-9830-9A46B996779B}.Release|iPhone.Build.0 = Release|iPhone
		{9539323B-43DF-4A00-9830-9A46B996779B}.Release|iPhoneSimulator.ActiveCfg = Release|iPhoneSimulator
		{9539323B-43DF-4A00-9830-9A46B996779B}.Release|iPhoneSimulator.Build.0 = Release|iPhoneSimulator
		{9539323B-43DF-4A00-9830-9A46B996779B}.Release|x64.ActiveCfg = Release|iPhone
		{9539323B-43DF-4A00-9830-9A46B996779B}.Release|x86.ActiveCfg = Release|iPhone
		{B3BF3FDA-CCF7-4DB5-A70D-3B1AF1FD7EC4}.Ad-Hoc|Any CPU.ActiveCfg = Release|x86
		{B3BF3FDA-CCF7-4DB5-A70D-3B1AF1FD7EC4}.Ad-Hoc|Any CPU.Build.0 = Release|x86
		{B3BF3FDA-CCF7-4DB5-A70D-3B1AF1FD7EC4}.Ad-Hoc|Any CPU.Deploy.0 = Release|x86
		{B3BF3FDA-CCF7-4DB5-A70D-3B1AF1FD7EC4}.Ad-Hoc|ARM.ActiveCfg = Release|ARM
		{B3BF3FDA-CCF7-4DB5-A70D-3B1AF1FD7EC4}.Ad-Hoc|ARM.Build.0 = Release|ARM
		{B3BF3FDA-CCF7-4DB5-A70D-3B1AF1FD7EC4}.Ad-Hoc|ARM.Deploy.0 = Release|ARM
		{B3BF3FDA-CCF7-4DB5-A70D-3B1AF1FD7EC4}.Ad-Hoc|iPhone.ActiveCfg = Release|x86
		{B3BF3FDA-CCF7-4DB5-A70D-3B1AF1FD7EC4}.Ad-Hoc|iPhone.Build.0 = Release|x86
		{B3BF3FDA-CCF7-4DB5-A70D-3B1AF1FD7EC4}.Ad-Hoc|iPhone.Deploy.0 = Release|x86
		{B3BF3FDA-CCF7-4DB5-A70D-3B1AF1FD7EC4}.Ad-Hoc|iPhoneSimulator.ActiveCfg = Release|x86
		{B3BF3FDA-CCF7-4DB5-A70D-3B1AF1FD7EC4}.Ad-Hoc|iPhoneSimulator.Build.0 = Release|x86
		{B3BF3FDA-CCF7-4DB5-A70D-3B1AF1FD7EC4}.Ad-Hoc|iPhoneSimulator.Deploy.0 = Release|x86
		{B3BF3FDA-CCF7-4DB5-A70D-3B1AF1FD7EC4}.Ad-Hoc|x64.ActiveCfg = Release|x64
		{B3BF3FDA-CCF7-4DB5-A70D-3B1AF1FD7EC4}.Ad-Hoc|x64.Build.0 = Release|x64
		{B3BF3FDA-CCF7-4DB5-A70D-3B1AF1FD7EC4}.Ad-Hoc|x64.Deploy.0 = Release|x64
		{B3BF3FDA-CCF7-4DB5-A70D-3B1AF1FD7EC4}.Ad-Hoc|x86.ActiveCfg = Release|x86
		{B3BF3FDA-CCF7-4DB5-A70D-3B1AF1FD7EC4}.Ad-Hoc|x86.Build.0 = Release|x86
		{B3BF3FDA-CCF7-4DB5-A70D-3B1AF1FD7EC4}.Ad-Hoc|x86.Deploy.0 = Release|x86
		{B3BF3FDA-CCF7-4DB5-A70D-3B1AF1FD7EC4}.AppStore|Any CPU.ActiveCfg = Release|x86
		{B3BF3FDA-CCF7-4DB5-A70D-3B1AF1FD7EC4}.AppStore|Any CPU.Build.0 = Release|x86
		{B3BF3FDA-CCF7-4DB5-A70D-3B1AF1FD7EC4}.AppStore|Any CPU.Deploy.0 = Release|x86
		{B3BF3FDA-CCF7-4DB5-A70D-3B1AF1FD7EC4}.AppStore|ARM.ActiveCfg = Release|ARM
		{B3BF3FDA-CCF7-4DB5-A70D-3B1AF1FD7EC4}.AppStore|ARM.Build.0 = Release|ARM
		{B3BF3FDA-CCF7-4DB5-A70D-3B1AF1FD7EC4}.AppStore|ARM.Deploy.0 = Release|ARM
		{B3BF3FDA-CCF7-4DB5-A70D-3B1AF1FD7EC4}.AppStore|iPhone.ActiveCfg = Release|x86
		{B3BF3FDA-CCF7-4DB5-A70D-3B1AF1FD7EC4}.AppStore|iPhone.Build.0 = Release|x86
		{B3BF3FDA-CCF7-4DB5-A70D-3B1AF1FD7EC4}.AppStore|iPhone.Deploy.0 = Release|x86
		{B3BF3FDA-CCF7-4DB5-A70D-3B1AF1FD7EC4}.AppStore|iPhoneSimulator.ActiveCfg = Release|x86
		{B3BF3FDA-CCF7-4DB5-A70D-3B1AF1FD7EC4}.AppStore|iPhoneSimulator.Build.0 = Release|x86
		{B3BF3FDA-CCF7-4DB5-A70D-3B1AF1FD7EC4}.AppStore|iPhoneSimulator.Deploy.0 = Release|x86
		{B3BF3FDA-CCF7-4DB5-A70D-3B1AF1FD7EC4}.AppStore|x64.ActiveCfg = Release|x64
		{B3BF3FDA-CCF7-4DB5-A70D-3B1AF1FD7EC4}.AppStore|x64.Build.0 = Release|x64
		{B3BF3FDA-CCF7-4DB5-A70D-3B1AF1FD7EC4}.AppStore|x64.Deploy.0 = Release|x64
		{B3BF3FDA-CCF7-4DB5-A70D-3B1AF1FD7EC4}.AppStore|x86.ActiveCfg = Release|x86
		{B3BF3FDA-CCF7-4DB5-A70D-3B1AF1FD7EC4}.AppStore|x86.Build.0 = Release|x86
		{B3BF3FDA-CCF7-4DB5-A70D-3B1AF1FD7EC4}.AppStore|x86.Deploy.0 = Release|x86
		{B3BF3FDA-CCF7-4DB5-A70D-3B1AF1FD7EC4}.Debug|Any CPU.ActiveCfg = Debug|x86
		{B3BF3FDA-CCF7-4DB5-A70D-3B1AF1FD7EC4}.Debug|ARM.ActiveCfg = Debug|ARM
		{B3BF3FDA-CCF7-4DB5-A70D-3B1AF1FD7EC4}.Debug|ARM.Build.0 = Debug|ARM
		{B3BF3FDA-CCF7-4DB5-A70D-3B1AF1FD7EC4}.Debug|ARM.Deploy.0 = Debug|ARM
		{B3BF3FDA-CCF7-4DB5-A70D-3B1AF1FD7EC4}.Debug|iPhone.ActiveCfg = Debug|x86
		{B3BF3FDA-CCF7-4DB5-A70D-3B1AF1FD7EC4}.Debug|iPhoneSimulator.ActiveCfg = Debug|x86
		{B3BF3FDA-CCF7-4DB5-A70D-3B1AF1FD7EC4}.Debug|x64.ActiveCfg = Debug|x64
		{B3BF3FDA-CCF7-4DB5-A70D-3B1AF1FD7EC4}.Debug|x64.Build.0 = Debug|x64
		{B3BF3FDA-CCF7-4DB5-A70D-3B1AF1FD7EC4}.Debug|x64.Deploy.0 = Debug|x64
		{B3BF3FDA-CCF7-4DB5-A70D-3B1AF1FD7EC4}.Debug|x86.ActiveCfg = Debug|x86
		{B3BF3FDA-CCF7-4DB5-A70D-3B1AF1FD7EC4}.Debug|x86.Build.0 = Debug|x86
		{B3BF3FDA-CCF7-4DB5-A70D-3B1AF1FD7EC4}.Debug|x86.Deploy.0 = Debug|x86
		{B3BF3FDA-CCF7-4DB5-A70D-3B1AF1FD7EC4}.Release|Any CPU.ActiveCfg = Release|x86
		{B3BF3FDA-CCF7-4DB5-A70D-3B1AF1FD7EC4}.Release|ARM.ActiveCfg = Release|ARM
		{B3BF3FDA-CCF7-4DB5-A70D-3B1AF1FD7EC4}.Release|ARM.Build.0 = Release|ARM
		{B3BF3FDA-CCF7-4DB5-A70D-3B1AF1FD7EC4}.Release|ARM.Deploy.0 = Release|ARM
		{B3BF3FDA-CCF7-4DB5-A70D-3B1AF1FD7EC4}.Release|iPhone.ActiveCfg = Release|x86
		{B3BF3FDA-CCF7-4DB5-A70D-3B1AF1FD7EC4}.Release|iPhoneSimulator.ActiveCfg = Release|x86
		{B3BF3FDA-CCF7-4DB5-A70D-3B1AF1FD7EC4}.Release|x64.ActiveCfg = Release|x64
		{B3BF3FDA-CCF7-4DB5-A70D-3B1AF1FD7EC4}.Release|x64.Build.0 = Release|x64
		{B3BF3FDA-CCF7-4DB5-A70D-3B1AF1FD7EC4}.Release|x64.Deploy.0 = Release|x64
		{B3BF3FDA-CCF7-4DB5-A70D-3B1AF1FD7EC4}.Release|x86.ActiveCfg = Release|x86
		{B3BF3FDA-CCF7-4DB5-A70D-3B1AF1FD7EC4}.Release|x86.Build.0 = Release|x86
		{B3BF3FDA-CCF7-4DB5-A70D-3B1AF1FD7EC4}.Release|x86.Deploy.0 = Release|x86
	EndGlobalSection
	GlobalSection(SolutionProperties) = preSolution
		HideSolutionNode = FALSE
	EndGlobalSection
	GlobalSection(ExtensibilityGlobals) = postSolution
		SolutionGuid = {833F2C79-660F-4EB5-AB8B-A7A6973EDA2E}
	EndGlobalSection
EndGlobal
